// !$*UTF8*$!
{
	archiveVersion = 1;
	classes = {
	};
	objectVersion = 55;
	objects = {

/* Begin PBXBuildFile section */
		000920AC28075898004D1862 /* ListViewController.swift in Sources */ = {isa = PBXBuildFile; fileRef = 000920AB28075898004D1862 /* ListViewController.swift */; };
		000920B52807E07E004D1862 /* SampleData.swift in Sources */ = {isa = PBXBuildFile; fileRef = 000920B42807E07E004D1862 /* SampleData.swift */; };
		0022CCA82831725B00B68ECC /* FloatingButton.swift in Sources */ = {isa = PBXBuildFile; fileRef = 0022CCA72831725B00B68ECC /* FloatingButton.swift */; };
		0022CCAA28317A1200B68ECC /* NotesTableView.swift in Sources */ = {isa = PBXBuildFile; fileRef = 0022CCA928317A1200B68ECC /* NotesTableView.swift */; };
		002DE1E128210590003F0651 /* Animations.swift in Sources */ = {isa = PBXBuildFile; fileRef = 002DE1E028210590003F0651 /* Animations.swift */; };
		003C66C027FD7EAA00537C70 /* Note.swift in Sources */ = {isa = PBXBuildFile; fileRef = 003C66BF27FD7EAA00537C70 /* Note.swift */; };
		00A9203F28112E01007DB762 /* NoteCell.swift in Sources */ = {isa = PBXBuildFile; fileRef = 00A9203E28112E01007DB762 /* NoteCell.swift */; };
		00AE68B7280D5C6E00D65C7F /* Extensions.swift in Sources */ = {isa = PBXBuildFile; fileRef = 00AE68B6280D5C6E00D65C7F /* Extensions.swift */; };
		00BE4B7C27ECE81C00664855 /* AppDelegate.swift in Sources */ = {isa = PBXBuildFile; fileRef = 00BE4B7B27ECE81C00664855 /* AppDelegate.swift */; };
		00BE4B7E27ECE81C00664855 /* SceneDelegate.swift in Sources */ = {isa = PBXBuildFile; fileRef = 00BE4B7D27ECE81C00664855 /* SceneDelegate.swift */; };
		00BE4B8027ECE81C00664855 /* NoteViewController.swift in Sources */ = {isa = PBXBuildFile; fileRef = 00BE4B7F27ECE81C00664855 /* NoteViewController.swift */; };
		00BE4B8527ECE82000664855 /* Assets.xcassets in Resources */ = {isa = PBXBuildFile; fileRef = 00BE4B8427ECE82000664855 /* Assets.xcassets */; };
		00BE4B8827ECE82000664855 /* LaunchScreen.storyboard in Resources */ = {isa = PBXBuildFile; fileRef = 00BE4B8627ECE82000664855 /* LaunchScreen.storyboard */; };
		00FC3898280EC0AD00E947D9 /* Protocols.swift in Sources */ = {isa = PBXBuildFile; fileRef = 00FC3897280EC0AD00E947D9 /* Protocols.swift */; };
/* End PBXBuildFile section */

/* Begin PBXContainerItemProxy section */
		00BE4B8F27ECE82100664855 /* PBXContainerItemProxy */ = {
			isa = PBXContainerItemProxy;
			containerPortal = 00BE4B7027ECE81C00664855 /* Project object */;
			proxyType = 1;
			remoteGlobalIDString = 00BE4B7727ECE81C00664855;
			remoteInfo = Note;
		};
		00BE4B9927ECE82100664855 /* PBXContainerItemProxy */ = {
			isa = PBXContainerItemProxy;
			containerPortal = 00BE4B7027ECE81C00664855 /* Project object */;
			proxyType = 1;
			remoteGlobalIDString = 00BE4B7727ECE81C00664855;
			remoteInfo = Note;
		};
/* End PBXContainerItemProxy section */

/* Begin PBXFileReference section */
		000920AB28075898004D1862 /* ListViewController.swift */ = {isa = PBXFileReference; lastKnownFileType = sourcecode.swift; path = ListViewController.swift; sourceTree = "<group>"; };
		000920B42807E07E004D1862 /* SampleData.swift */ = {isa = PBXFileReference; lastKnownFileType = sourcecode.swift; path = SampleData.swift; sourceTree = "<group>"; };
		0022CCA72831725B00B68ECC /* FloatingButton.swift */ = {isa = PBXFileReference; lastKnownFileType = sourcecode.swift; path = FloatingButton.swift; sourceTree = "<group>"; };
		0022CCA928317A1200B68ECC /* NotesTableView.swift */ = {isa = PBXFileReference; lastKnownFileType = sourcecode.swift; path = NotesTableView.swift; sourceTree = "<group>"; };
		002DE1E028210590003F0651 /* Animations.swift */ = {isa = PBXFileReference; lastKnownFileType = sourcecode.swift; path = Animations.swift; sourceTree = "<group>"; };
		003C66BF27FD7EAA00537C70 /* Note.swift */ = {isa = PBXFileReference; lastKnownFileType = sourcecode.swift; path = Note.swift; sourceTree = "<group>"; };
		00A9203E28112E01007DB762 /* NoteCell.swift */ = {isa = PBXFileReference; lastKnownFileType = sourcecode.swift; path = NoteCell.swift; sourceTree = "<group>"; };
		00AE68B6280D5C6E00D65C7F /* Extensions.swift */ = {isa = PBXFileReference; lastKnownFileType = sourcecode.swift; path = Extensions.swift; sourceTree = "<group>"; };
		00BE4B7827ECE81C00664855 /* Note.app */ = {isa = PBXFileReference; explicitFileType = wrapper.application; includeInIndex = 0; path = Note.app; sourceTree = BUILT_PRODUCTS_DIR; };
		00BE4B7B27ECE81C00664855 /* AppDelegate.swift */ = {isa = PBXFileReference; lastKnownFileType = sourcecode.swift; path = AppDelegate.swift; sourceTree = "<group>"; };
		00BE4B7D27ECE81C00664855 /* SceneDelegate.swift */ = {isa = PBXFileReference; lastKnownFileType = sourcecode.swift; path = SceneDelegate.swift; sourceTree = "<group>"; };
		00BE4B7F27ECE81C00664855 /* NoteViewController.swift */ = {isa = PBXFileReference; lastKnownFileType = sourcecode.swift; path = NoteViewController.swift; sourceTree = "<group>"; };
		00BE4B8427ECE82000664855 /* Assets.xcassets */ = {isa = PBXFileReference; lastKnownFileType = folder.assetcatalog; path = Assets.xcassets; sourceTree = "<group>"; };
		00BE4B8727ECE82000664855 /* Base */ = {isa = PBXFileReference; lastKnownFileType = file.storyboard; name = Base; path = Base.lproj/LaunchScreen.storyboard; sourceTree = "<group>"; };
		00BE4B8927ECE82000664855 /* Info.plist */ = {isa = PBXFileReference; lastKnownFileType = text.plist.xml; path = Info.plist; sourceTree = "<group>"; };
		00BE4B8E27ECE82100664855 /* NoteTests.xctest */ = {isa = PBXFileReference; explicitFileType = wrapper.cfbundle; includeInIndex = 0; path = NoteTests.xctest; sourceTree = BUILT_PRODUCTS_DIR; };
		00BE4B9827ECE82100664855 /* NoteUITests.xctest */ = {isa = PBXFileReference; explicitFileType = wrapper.cfbundle; includeInIndex = 0; path = NoteUITests.xctest; sourceTree = BUILT_PRODUCTS_DIR; };
		00FC3897280EC0AD00E947D9 /* Protocols.swift */ = {isa = PBXFileReference; lastKnownFileType = sourcecode.swift; path = Protocols.swift; sourceTree = "<group>"; };
/* End PBXFileReference section */

/* Begin PBXFrameworksBuildPhase section */
		00BE4B7527ECE81C00664855 /* Frameworks */ = {
			isa = PBXFrameworksBuildPhase;
			buildActionMask = 2147483647;
			files = (
			);
			runOnlyForDeploymentPostprocessing = 0;
		};
		00BE4B8B27ECE82000664855 /* Frameworks */ = {
			isa = PBXFrameworksBuildPhase;
			buildActionMask = 2147483647;
			files = (
			);
			runOnlyForDeploymentPostprocessing = 0;
		};
		00BE4B9527ECE82100664855 /* Frameworks */ = {
			isa = PBXFrameworksBuildPhase;
			buildActionMask = 2147483647;
			files = (
			);
			runOnlyForDeploymentPostprocessing = 0;
		};
/* End PBXFrameworksBuildPhase section */

/* Begin PBXGroup section */
		000920AD28075C88004D1862 /* Model */ = {
			isa = PBXGroup;
			children = (
				003C66BF27FD7EAA00537C70 /* Note.swift */,
			);
			path = Model;
			sourceTree = "<group>";
		};
		000920AE28075D03004D1862 /* View */ = {
			isa = PBXGroup;
			children = (
				00BE4B8627ECE82000664855 /* LaunchScreen.storyboard */,
				0022CCA928317A1200B68ECC /* NotesTableView.swift */,
				00A9203E28112E01007DB762 /* NoteCell.swift */,
				0022CCA72831725B00B68ECC /* FloatingButton.swift */,
			);
			path = View;
			sourceTree = "<group>";
		};
		000920AF28075D1B004D1862 /* Controller */ = {
			isa = PBXGroup;
			children = (
				000920AB28075898004D1862 /* ListViewController.swift */,
				00BE4B7F27ECE81C00664855 /* NoteViewController.swift */,
			);
			path = Controller;
			sourceTree = "<group>";
		};
		00AE68B8280D5CC300D65C7F /* Utilities */ = {
			isa = PBXGroup;
			children = (
				00AE68B6280D5C6E00D65C7F /* Extensions.swift */,
				00FC3897280EC0AD00E947D9 /* Protocols.swift */,
				002DE1E028210590003F0651 /* Animations.swift */,
				000920B42807E07E004D1862 /* SampleData.swift */,
			);
			path = Utilities;
			sourceTree = "<group>";
		};
		00BE4B6F27ECE81C00664855 = {
			isa = PBXGroup;
			children = (
				00BE4B7A27ECE81C00664855 /* Note */,
				00BE4B7927ECE81C00664855 /* Products */,
			);
			sourceTree = "<group>";
		};
		00BE4B7927ECE81C00664855 /* Products */ = {
			isa = PBXGroup;
			children = (
				00BE4B7827ECE81C00664855 /* Note.app */,
				00BE4B8E27ECE82100664855 /* NoteTests.xctest */,
				00BE4B9827ECE82100664855 /* NoteUITests.xctest */,
			);
			name = Products;
			sourceTree = "<group>";
		};
		00BE4B7A27ECE81C00664855 /* Note */ = {
			isa = PBXGroup;
			children = (
				000920AD28075C88004D1862 /* Model */,
				000920AE28075D03004D1862 /* View */,
				000920AF28075D1B004D1862 /* Controller */,
				00AE68B8280D5CC300D65C7F /* Utilities */,
				00BE4B7B27ECE81C00664855 /* AppDelegate.swift */,
				00BE4B7D27ECE81C00664855 /* SceneDelegate.swift */,
				00BE4B8427ECE82000664855 /* Assets.xcassets */,
				00BE4B8927ECE82000664855 /* Info.plist */,
			);
			path = Note;
			sourceTree = "<group>";
		};
/* End PBXGroup section */

/* Begin PBXNativeTarget section */
		00BE4B7727ECE81C00664855 /* Note */ = {
			isa = PBXNativeTarget;
			buildConfigurationList = 00BE4BA227ECE82100664855 /* Build configuration list for PBXNativeTarget "Note" */;
			buildPhases = (
				00BE4BAB27ECEA1800664855 /* ShellScript */,
				00BE4B7427ECE81C00664855 /* Sources */,
				00BE4B7527ECE81C00664855 /* Frameworks */,
				00BE4B7627ECE81C00664855 /* Resources */,
			);
			buildRules = (
			);
			dependencies = (
			);
			name = Note;
			productName = Note;
			productReference = 00BE4B7827ECE81C00664855 /* Note.app */;
			productType = "com.apple.product-type.application";
		};
		00BE4B8D27ECE82000664855 /* NoteTests */ = {
			isa = PBXNativeTarget;
			buildConfigurationList = 00BE4BA527ECE82100664855 /* Build configuration list for PBXNativeTarget "NoteTests" */;
			buildPhases = (
				00BE4B8A27ECE82000664855 /* Sources */,
				00BE4B8B27ECE82000664855 /* Frameworks */,
				00BE4B8C27ECE82000664855 /* Resources */,
			);
			buildRules = (
			);
			dependencies = (
				00BE4B9027ECE82100664855 /* PBXTargetDependency */,
			);
			name = NoteTests;
			productName = NoteTests;
			productReference = 00BE4B8E27ECE82100664855 /* NoteTests.xctest */;
			productType = "com.apple.product-type.bundle.unit-test";
		};
		00BE4B9727ECE82100664855 /* NoteUITests */ = {
			isa = PBXNativeTarget;
			buildConfigurationList = 00BE4BA827ECE82100664855 /* Build configuration list for PBXNativeTarget "NoteUITests" */;
			buildPhases = (
				00BE4B9427ECE82100664855 /* Sources */,
				00BE4B9527ECE82100664855 /* Frameworks */,
				00BE4B9627ECE82100664855 /* Resources */,
			);
			buildRules = (
			);
			dependencies = (
				00BE4B9A27ECE82100664855 /* PBXTargetDependency */,
			);
			name = NoteUITests;
			productName = NoteUITests;
			productReference = 00BE4B9827ECE82100664855 /* NoteUITests.xctest */;
			productType = "com.apple.product-type.bundle.ui-testing";
		};
/* End PBXNativeTarget section */

/* Begin PBXProject section */
		00BE4B7027ECE81C00664855 /* Project object */ = {
			isa = PBXProject;
			attributes = {
				BuildIndependentTargetsInParallel = 1;
				LastSwiftUpdateCheck = 1330;
				LastUpgradeCheck = 1330;
				TargetAttributes = {
					00BE4B7727ECE81C00664855 = {
						CreatedOnToolsVersion = 13.3;
					};
					00BE4B8D27ECE82000664855 = {
						CreatedOnToolsVersion = 13.3;
						TestTargetID = 00BE4B7727ECE81C00664855;
					};
					00BE4B9727ECE82100664855 = {
						CreatedOnToolsVersion = 13.3;
						TestTargetID = 00BE4B7727ECE81C00664855;
					};
				};
			};
			buildConfigurationList = 00BE4B7327ECE81C00664855 /* Build configuration list for PBXProject "Note" */;
			compatibilityVersion = "Xcode 13.0";
			developmentRegion = en;
			hasScannedForEncodings = 0;
			knownRegions = (
				en,
				Base,
			);
			mainGroup = 00BE4B6F27ECE81C00664855;
			productRefGroup = 00BE4B7927ECE81C00664855 /* Products */;
			projectDirPath = "";
			projectRoot = "";
			targets = (
				00BE4B7727ECE81C00664855 /* Note */,
				00BE4B8D27ECE82000664855 /* NoteTests */,
				00BE4B9727ECE82100664855 /* NoteUITests */,
			);
		};
/* End PBXProject section */

/* Begin PBXResourcesBuildPhase section */
		00BE4B7627ECE81C00664855 /* Resources */ = {
			isa = PBXResourcesBuildPhase;
			buildActionMask = 2147483647;
			files = (
				00BE4B8827ECE82000664855 /* LaunchScreen.storyboard in Resources */,
				00BE4B8527ECE82000664855 /* Assets.xcassets in Resources */,
			);
			runOnlyForDeploymentPostprocessing = 0;
		};
		00BE4B8C27ECE82000664855 /* Resources */ = {
			isa = PBXResourcesBuildPhase;
			buildActionMask = 2147483647;
			files = (
			);
			runOnlyForDeploymentPostprocessing = 0;
		};
		00BE4B9627ECE82100664855 /* Resources */ = {
			isa = PBXResourcesBuildPhase;
			buildActionMask = 2147483647;
			files = (
			);
			runOnlyForDeploymentPostprocessing = 0;
		};
/* End PBXResourcesBuildPhase section */

/* Begin PBXShellScriptBuildPhase section */
		00BE4BAB27ECEA1800664855 /* ShellScript */ = {
			isa = PBXShellScriptBuildPhase;
			buildActionMask = 2147483647;
			files = (
			);
			inputFileListPaths = (
			);
			inputPaths = (
			);
			outputFileListPaths = (
			);
			outputPaths = (
			);
			runOnlyForDeploymentPostprocessing = 0;
			shellPath = /bin/sh;
			shellScript = "export PATH=\"$PATH:/opt/homebrew/bin\"\n\nif which swiftlint >/dev/null; then\n  swiftlint\nelse\n  echo \"warning: SwiftLint not installed, download from https://github.com/realm/SwiftLint\"\nfi\n";
		};
/* End PBXShellScriptBuildPhase section */

/* Begin PBXSourcesBuildPhase section */
		00BE4B7427ECE81C00664855 /* Sources */ = {
			isa = PBXSourcesBuildPhase;
			buildActionMask = 2147483647;
			files = (
				00BE4B8027ECE81C00664855 /* NoteViewController.swift in Sources */,
				000920B52807E07E004D1862 /* SampleData.swift in Sources */,
				002DE1E128210590003F0651 /* Animations.swift in Sources */,
				0022CCAA28317A1200B68ECC /* NotesTableView.swift in Sources */,
				00BE4B7C27ECE81C00664855 /* AppDelegate.swift in Sources */,
				0022CCA82831725B00B68ECC /* FloatingButton.swift in Sources */,
				00A9203F28112E01007DB762 /* NoteCell.swift in Sources */,
				00AE68B7280D5C6E00D65C7F /* Extensions.swift in Sources */,
				00BE4B7E27ECE81C00664855 /* SceneDelegate.swift in Sources */,
				000920AC28075898004D1862 /* ListViewController.swift in Sources */,
				00FC3898280EC0AD00E947D9 /* Protocols.swift in Sources */,
				003C66C027FD7EAA00537C70 /* Note.swift in Sources */,
			);
			runOnlyForDeploymentPostprocessing = 0;
		};
		00BE4B8A27ECE82000664855 /* Sources */ = {
			isa = PBXSourcesBuildPhase;
			buildActionMask = 2147483647;
			files = (
			);
			runOnlyForDeploymentPostprocessing = 0;
		};
		00BE4B9427ECE82100664855 /* Sources */ = {
			isa = PBXSourcesBuildPhase;
			buildActionMask = 2147483647;
			files = (
			);
			runOnlyForDeploymentPostprocessing = 0;
		};
/* End PBXSourcesBuildPhase section */

/* Begin PBXTargetDependency section */
		00BE4B9027ECE82100664855 /* PBXTargetDependency */ = {
			isa = PBXTargetDependency;
			target = 00BE4B7727ECE81C00664855 /* Note */;
			targetProxy = 00BE4B8F27ECE82100664855 /* PBXContainerItemProxy */;
		};
		00BE4B9A27ECE82100664855 /* PBXTargetDependency */ = {
			isa = PBXTargetDependency;
			target = 00BE4B7727ECE81C00664855 /* Note */;
			targetProxy = 00BE4B9927ECE82100664855 /* PBXContainerItemProxy */;
		};
/* End PBXTargetDependency section */

/* Begin PBXVariantGroup section */
		00BE4B8627ECE82000664855 /* LaunchScreen.storyboard */ = {
			isa = PBXVariantGroup;
			children = (
				00BE4B8727ECE82000664855 /* Base */,
			);
			name = LaunchScreen.storyboard;
			sourceTree = "<group>";
		};
/* End PBXVariantGroup section */

/* Begin XCBuildConfiguration section */
		00BE4BA027ECE82100664855 /* Debug */ = {
			isa = XCBuildConfiguration;
			buildSettings = {
				ALWAYS_SEARCH_USER_PATHS = NO;
				CLANG_ANALYZER_NONNULL = YES;
				CLANG_ANALYZER_NUMBER_OBJECT_CONVERSION = YES_AGGRESSIVE;
				CLANG_CXX_LANGUAGE_STANDARD = "gnu++17";
				CLANG_ENABLE_MODULES = YES;
				CLANG_ENABLE_OBJC_ARC = YES;
				CLANG_ENABLE_OBJC_WEAK = YES;
				CLANG_WARN_BLOCK_CAPTURE_AUTORELEASING = YES;
				CLANG_WARN_BOOL_CONVERSION = YES;
				CLANG_WARN_COMMA = YES;
				CLANG_WARN_CONSTANT_CONVERSION = YES;
				CLANG_WARN_DEPRECATED_OBJC_IMPLEMENTATIONS = YES;
				CLANG_WARN_DIRECT_OBJC_ISA_USAGE = YES_ERROR;
				CLANG_WARN_DOCUMENTATION_COMMENTS = YES;
				CLANG_WARN_EMPTY_BODY = YES;
				CLANG_WARN_ENUM_CONVERSION = YES;
				CLANG_WARN_INFINITE_RECURSION = YES;
				CLANG_WARN_INT_CONVERSION = YES;
				CLANG_WARN_NON_LITERAL_NULL_CONVERSION = YES;
				CLANG_WARN_OBJC_IMPLICIT_RETAIN_SELF = YES;
				CLANG_WARN_OBJC_LITERAL_CONVERSION = YES;
				CLANG_WARN_OBJC_ROOT_CLASS = YES_ERROR;
				CLANG_WARN_QUOTED_INCLUDE_IN_FRAMEWORK_HEADER = YES;
				CLANG_WARN_RANGE_LOOP_ANALYSIS = YES;
				CLANG_WARN_STRICT_PROTOTYPES = YES;
				CLANG_WARN_SUSPICIOUS_MOVE = YES;
				CLANG_WARN_UNGUARDED_AVAILABILITY = YES_AGGRESSIVE;
				CLANG_WARN_UNREACHABLE_CODE = YES;
				CLANG_WARN__DUPLICATE_METHOD_MATCH = YES;
				COPY_PHASE_STRIP = NO;
				DEBUG_INFORMATION_FORMAT = dwarf;
				ENABLE_STRICT_OBJC_MSGSEND = YES;
				ENABLE_TESTABILITY = YES;
				GCC_C_LANGUAGE_STANDARD = gnu11;
				GCC_DYNAMIC_NO_PIC = NO;
				GCC_NO_COMMON_BLOCKS = YES;
				GCC_OPTIMIZATION_LEVEL = 0;
				GCC_PREPROCESSOR_DEFINITIONS = (
					"DEBUG=1",
					"$(inherited)",
				);
				GCC_WARN_64_TO_32_BIT_CONVERSION = YES;
				GCC_WARN_ABOUT_RETURN_TYPE = YES_ERROR;
				GCC_WARN_UNDECLARED_SELECTOR = YES;
				GCC_WARN_UNINITIALIZED_AUTOS = YES_AGGRESSIVE;
				GCC_WARN_UNUSED_FUNCTION = YES;
				GCC_WARN_UNUSED_VARIABLE = YES;
				IPHONEOS_DEPLOYMENT_TARGET = 13.0;
				MTL_ENABLE_DEBUG_INFO = INCLUDE_SOURCE;
				MTL_FAST_MATH = YES;
				ONLY_ACTIVE_ARCH = YES;
				SDKROOT = iphoneos;
				SWIFT_ACTIVE_COMPILATION_CONDITIONS = DEBUG;
				SWIFT_OPTIMIZATION_LEVEL = "-Onone";
			};
			name = Debug;
		};
		00BE4BA127ECE82100664855 /* Release */ = {
			isa = XCBuildConfiguration;
			buildSettings = {
				ALWAYS_SEARCH_USER_PATHS = NO;
				CLANG_ANALYZER_NONNULL = YES;
				CLANG_ANALYZER_NUMBER_OBJECT_CONVERSION = YES_AGGRESSIVE;
				CLANG_CXX_LANGUAGE_STANDARD = "gnu++17";
				CLANG_ENABLE_MODULES = YES;
				CLANG_ENABLE_OBJC_ARC = YES;
				CLANG_ENABLE_OBJC_WEAK = YES;
				CLANG_WARN_BLOCK_CAPTURE_AUTORELEASING = YES;
				CLANG_WARN_BOOL_CONVERSION = YES;
				CLANG_WARN_COMMA = YES;
				CLANG_WARN_CONSTANT_CONVERSION = YES;
				CLANG_WARN_DEPRECATED_OBJC_IMPLEMENTATIONS = YES;
				CLANG_WARN_DIRECT_OBJC_ISA_USAGE = YES_ERROR;
				CLANG_WARN_DOCUMENTATION_COMMENTS = YES;
				CLANG_WARN_EMPTY_BODY = YES;
				CLANG_WARN_ENUM_CONVERSION = YES;
				CLANG_WARN_INFINITE_RECURSION = YES;
				CLANG_WARN_INT_CONVERSION = YES;
				CLANG_WARN_NON_LITERAL_NULL_CONVERSION = YES;
				CLANG_WARN_OBJC_IMPLICIT_RETAIN_SELF = YES;
				CLANG_WARN_OBJC_LITERAL_CONVERSION = YES;
				CLANG_WARN_OBJC_ROOT_CLASS = YES_ERROR;
				CLANG_WARN_QUOTED_INCLUDE_IN_FRAMEWORK_HEADER = YES;
				CLANG_WARN_RANGE_LOOP_ANALYSIS = YES;
				CLANG_WARN_STRICT_PROTOTYPES = YES;
				CLANG_WARN_SUSPICIOUS_MOVE = YES;
				CLANG_WARN_UNGUARDED_AVAILABILITY = YES_AGGRESSIVE;
				CLANG_WARN_UNREACHABLE_CODE = YES;
				CLANG_WARN__DUPLICATE_METHOD_MATCH = YES;
				COPY_PHASE_STRIP = NO;
				DEBUG_INFORMATION_FORMAT = "dwarf-with-dsym";
				ENABLE_NS_ASSERTIONS = NO;
				ENABLE_STRICT_OBJC_MSGSEND = YES;
				GCC_C_LANGUAGE_STANDARD = gnu11;
				GCC_NO_COMMON_BLOCKS = YES;
				GCC_WARN_64_TO_32_BIT_CONVERSION = YES;
				GCC_WARN_ABOUT_RETURN_TYPE = YES_ERROR;
				GCC_WARN_UNDECLARED_SELECTOR = YES;
				GCC_WARN_UNINITIALIZED_AUTOS = YES_AGGRESSIVE;
				GCC_WARN_UNUSED_FUNCTION = YES;
				GCC_WARN_UNUSED_VARIABLE = YES;
				IPHONEOS_DEPLOYMENT_TARGET = 13.0;
				MTL_ENABLE_DEBUG_INFO = NO;
				MTL_FAST_MATH = YES;
				SDKROOT = iphoneos;
				SWIFT_COMPILATION_MODE = wholemodule;
				SWIFT_OPTIMIZATION_LEVEL = "-O";
				VALIDATE_PRODUCT = YES;
			};
			name = Release;
		};
		00BE4BA327ECE82100664855 /* Debug */ = {
			isa = XCBuildConfiguration;
			buildSettings = {
				ASSETCATALOG_COMPILER_APPICON_NAME = AppIcon;
				ASSETCATALOG_COMPILER_GLOBAL_ACCENT_COLOR_NAME = AccentColor;
				CODE_SIGN_STYLE = Automatic;
				CURRENT_PROJECT_VERSION = 1;
				GENERATE_INFOPLIST_FILE = YES;
				INFOPLIST_FILE = Note/Info.plist;
				INFOPLIST_KEY_UIApplicationSupportsIndirectInputEvents = YES;
				INFOPLIST_KEY_UILaunchStoryboardName = LaunchScreen;
				INFOPLIST_KEY_UISupportedInterfaceOrientations = UIInterfaceOrientationPortrait;
				INFOPLIST_KEY_UISupportedInterfaceOrientations_iPad = "UIInterfaceOrientationPortrait UIInterfaceOrientationPortraitUpsideDown UIInterfaceOrientationLandscapeLeft UIInterfaceOrientationLandscapeRight";
				INFOPLIST_KEY_UISupportedInterfaceOrientations_iPhone = "UIInterfaceOrientationPortrait UIInterfaceOrientationLandscapeLeft UIInterfaceOrientationLandscapeRight";
				IPHONEOS_DEPLOYMENT_TARGET = 13.0;
				LD_RUNPATH_SEARCH_PATHS = (
					"$(inherited)",
					"@executable_path/Frameworks",
				);
				MARKETING_VERSION = 1.0;
				PRODUCT_BUNDLE_IDENTIFIER = com.Note;
				PRODUCT_NAME = "$(TARGET_NAME)";
				SWIFT_EMIT_LOC_STRINGS = YES;
				SWIFT_VERSION = 5.0;
				TARGETED_DEVICE_FAMILY = 1;
			};
			name = Debug;
		};
		00BE4BA427ECE82100664855 /* Release */ = {
			isa = XCBuildConfiguration;
			buildSettings = {
				ASSETCATALOG_COMPILER_APPICON_NAME = AppIcon;
				ASSETCATALOG_COMPILER_GLOBAL_ACCENT_COLOR_NAME = AccentColor;
				CODE_SIGN_STYLE = Automatic;
				CURRENT_PROJECT_VERSION = 1;
				GENERATE_INFOPLIST_FILE = YES;
				INFOPLIST_FILE = Note/Info.plist;
				INFOPLIST_KEY_UIApplicationSupportsIndirectInputEvents = YES;
				INFOPLIST_KEY_UILaunchStoryboardName = LaunchScreen;
				INFOPLIST_KEY_UISupportedInterfaceOrientations = UIInterfaceOrientationPortrait;
				INFOPLIST_KEY_UISupportedInterfaceOrientations_iPad = "UIInterfaceOrientationPortrait UIInterfaceOrientationPortraitUpsideDown UIInterfaceOrientationLandscapeLeft UIInterfaceOrientationLandscapeRight";
				INFOPLIST_KEY_UISupportedInterfaceOrientations_iPhone = "UIInterfaceOrientationPortrait UIInterfaceOrientationLandscapeLeft UIInterfaceOrientationLandscapeRight";
				IPHONEOS_DEPLOYMENT_TARGET = 13.0;
				LD_RUNPATH_SEARCH_PATHS = (
					"$(inherited)",
					"@executable_path/Frameworks",
				);
				MARKETING_VERSION = 1.0;
				PRODUCT_BUNDLE_IDENTIFIER = com.Note;
				PRODUCT_NAME = "$(TARGET_NAME)";
				SWIFT_EMIT_LOC_STRINGS = YES;
				SWIFT_VERSION = 5.0;
				TARGETED_DEVICE_FAMILY = 1;
			};
			name = Release;
		};
		00BE4BA627ECE82100664855 /* Debug */ = {
			isa = XCBuildConfiguration;
			buildSettings = {
				ALWAYS_EMBED_SWIFT_STANDARD_LIBRARIES = YES;
				BUNDLE_LOADER = "$(TEST_HOST)";
				CODE_SIGN_STYLE = Automatic;
				CURRENT_PROJECT_VERSION = 1;
				GENERATE_INFOPLIST_FILE = YES;
				IPHONEOS_DEPLOYMENT_TARGET = 15.4;
				MARKETING_VERSION = 1.0;
				PRODUCT_BUNDLE_IDENTIFIER = com.NoteTests;
				PRODUCT_NAME = "$(TARGET_NAME)";
				SWIFT_EMIT_LOC_STRINGS = NO;
				SWIFT_VERSION = 5.0;
				TARGETED_DEVICE_FAMILY = "1,2";
				TEST_HOST = "$(BUILT_PRODUCTS_DIR)/Note.app/Note";
			};
			name = Debug;
		};
		00BE4BA727ECE82100664855 /* Release */ = {
			isa = XCBuildConfiguration;
			buildSettings = {
				ALWAYS_EMBED_SWIFT_STANDARD_LIBRARIES = YES;
				BUNDLE_LOADER = "$(TEST_HOST)";
				CODE_SIGN_STYLE = Automatic;
				CURRENT_PROJECT_VERSION = 1;
				GENERATE_INFOPLIST_FILE = YES;
				IPHONEOS_DEPLOYMENT_TARGET = 15.4;
				MARKETING_VERSION = 1.0;
				PRODUCT_BUNDLE_IDENTIFIER = com.NoteTests;
				PRODUCT_NAME = "$(TARGET_NAME)";
				SWIFT_EMIT_LOC_STRINGS = NO;
				SWIFT_VERSION = 5.0;
				TARGETED_DEVICE_FAMILY = "1,2";
				TEST_HOST = "$(BUILT_PRODUCTS_DIR)/Note.app/Note";
			};
			name = Release;
		};
		00BE4BA927ECE82100664855 /* Debug */ = {
			isa = XCBuildConfiguration;
			buildSettings = {
				ALWAYS_EMBED_SWIFT_STANDARD_LIBRARIES = YES;
				CODE_SIGN_STYLE = Automatic;
				CURRENT_PROJECT_VERSION = 1;
				GENERATE_INFOPLIST_FILE = YES;
				MARKETING_VERSION = 1.0;
				PRODUCT_BUNDLE_IDENTIFIER = com.NoteUITests;
				PRODUCT_NAME = "$(TARGET_NAME)";
				SWIFT_EMIT_LOC_STRINGS = NO;
				SWIFT_VERSION = 5.0;
				TARGETED_DEVICE_FAMILY = "1,2";
				TEST_TARGET_NAME = Note;
			};
			name = Debug;
		};
		00BE4BAA27ECE82100664855 /* Release */ = {
			isa = XCBuildConfiguration;
			buildSettings = {
				ALWAYS_EMBED_SWIFT_STANDARD_LIBRARIES = YES;
				CODE_SIGN_STYLE = Automatic;
				CURRENT_PROJECT_VERSION = 1;
				GENERATE_INFOPLIST_FILE = YES;
				MARKETING_VERSION = 1.0;
				PRODUCT_BUNDLE_IDENTIFIER = com.NoteUITests;
				PRODUCT_NAME = "$(TARGET_NAME)";
				SWIFT_EMIT_LOC_STRINGS = NO;
				SWIFT_VERSION = 5.0;
				TARGETED_DEVICE_FAMILY = "1,2";
				TEST_TARGET_NAME = Note;
			};
			name = Release;
		};
/* End XCBuildConfiguration section */

/* Begin XCConfigurationList section */
		00BE4B7327ECE81C00664855 /* Build configuration list for PBXProject "Note" */ = {
			isa = XCConfigurationList;
			buildConfigurations = (
				00BE4BA027ECE82100664855 /* Debug */,
				00BE4BA127ECE82100664855 /* Release */,
			);
			defaultConfigurationIsVisible = 0;
			defaultConfigurationName = Release;
		};
		00BE4BA227ECE82100664855 /* Build configuration list for PBXNativeTarget "Note" */ = {
			isa = XCConfigurationList;
			buildConfigurations = (
				00BE4BA327ECE82100664855 /* Debug */,
				00BE4BA427ECE82100664855 /* Release */,
			);
			defaultConfigurationIsVisible = 0;
			defaultConfigurationName = Release;
		};
		00BE4BA527ECE82100664855 /* Build configuration list for PBXNativeTarget "NoteTests" */ = {
			isa = XCConfigurationList;
			buildConfigurations = (
				00BE4BA627ECE82100664855 /* Debug */,
				00BE4BA727ECE82100664855 /* Release */,
			);
			defaultConfigurationIsVisible = 0;
			defaultConfigurationName = Release;
		};
		00BE4BA827ECE82100664855 /* Build configuration list for PBXNativeTarget "NoteUITests" */ = {
			isa = XCConfigurationList;
			buildConfigurations = (
				00BE4BA927ECE82100664855 /* Debug */,
				00BE4BAA27ECE82100664855 /* Release */,
			);
			defaultConfigurationIsVisible = 0;
			defaultConfigurationName = Release;
		};
/* End XCConfigurationList section */
	};
	rootObject = 00BE4B7027ECE81C00664855 /* Project object */;
}
