// !$*UTF8*$!
{
	archiveVersion = 1;
	classes = {
	};
	objectVersion = 55;
	objects = {

/* Begin PBXBuildFile section */
		00079B122869E5F400891305 /* NoteViewModelExt.swift in Sources */ = {isa = PBXBuildFile; fileRef = 00079B112869E5F400891305 /* NoteViewModelExt.swift */; };
		00079B34286A088900891305 /* NoteViewControllerTests.swift in Sources */ = {isa = PBXBuildFile; fileRef = 00079B25286A088900891305 /* NoteViewControllerTests.swift */; };
		00079B35286A088900891305 /* NotePresenterTests.swift in Sources */ = {isa = PBXBuildFile; fileRef = 00079B26286A088900891305 /* NotePresenterTests.swift */; };
		00079B37286A088900891305 /* NoteInteractorTests.swift in Sources */ = {isa = PBXBuildFile; fileRef = 00079B28286A088900891305 /* NoteInteractorTests.swift */; };
		00079B3B286A088900891305 /* ListViewControllerTests.swift in Sources */ = {isa = PBXBuildFile; fileRef = 00079B2E286A088900891305 /* ListViewControllerTests.swift */; };
		00079B3C286A088900891305 /* ListPresenterTests.swift in Sources */ = {isa = PBXBuildFile; fileRef = 00079B2F286A088900891305 /* ListPresenterTests.swift */; };
		00079B3D286A088900891305 /* ListInteractorTests.swift in Sources */ = {isa = PBXBuildFile; fileRef = 00079B30286A088900891305 /* ListInteractorTests.swift */; };
		001CAFAC286590DB003F0DB9 /* CellViewModelExt.swift in Sources */ = {isa = PBXBuildFile; fileRef = 001CAFAB286590DB003F0DB9 /* CellViewModelExt.swift */; };
		00262A43284D2D4F00DC3B0B /* AdjKeyboardExt.swift in Sources */ = {isa = PBXBuildFile; fileRef = 00262A42284D2D4F00DC3B0B /* AdjKeyboardExt.swift */; };
		002DE1E128210590003F0651 /* Animations.swift in Sources */ = {isa = PBXBuildFile; fileRef = 002DE1E028210590003F0651 /* Animations.swift */; };
		0034950F286042D50034714A /* DataSourceExt.swift in Sources */ = {isa = PBXBuildFile; fileRef = 0034950E286042D50034714A /* DataSourceExt.swift */; };
		003495122860438C0034714A /* DelegateExt.swift in Sources */ = {isa = PBXBuildFile; fileRef = 003495112860438C0034714A /* DelegateExt.swift */; };
		0034951428605A3D0034714A /* NoteView.swift in Sources */ = {isa = PBXBuildFile; fileRef = 0034951328605A3D0034714A /* NoteView.swift */; };
		003495162860610C0034714A /* Styles.swift in Sources */ = {isa = PBXBuildFile; fileRef = 003495152860610C0034714A /* Styles.swift */; };
		003C66C027FD7EAA00537C70 /* Note.swift in Sources */ = {isa = PBXBuildFile; fileRef = 003C66BF27FD7EAA00537C70 /* Note.swift */; };
		004F90B62857B54F0091009A /* NoteInteractor.swift in Sources */ = {isa = PBXBuildFile; fileRef = 004F90B52857B54F0091009A /* NoteInteractor.swift */; };
		004F90BA2857B5850091009A /* NoteProtocols.swift in Sources */ = {isa = PBXBuildFile; fileRef = 004F90B92857B5850091009A /* NoteProtocols.swift */; };
		004F90BC2857B5A00091009A /* NoteViewController.swift in Sources */ = {isa = PBXBuildFile; fileRef = 004F90BB2857B5A00091009A /* NoteViewController.swift */; };
		004F90BE2857B6360091009A /* NoteModels.swift in Sources */ = {isa = PBXBuildFile; fileRef = 004F90BD2857B6360091009A /* NoteModels.swift */; };
		004F90C02857B6500091009A /* NoteRouter.swift in Sources */ = {isa = PBXBuildFile; fileRef = 004F90BF2857B6500091009A /* NoteRouter.swift */; };
		004F90C22857B6670091009A /* NoteWorker.swift in Sources */ = {isa = PBXBuildFile; fileRef = 004F90C12857B6670091009A /* NoteWorker.swift */; };
		004F90C42857B67B0091009A /* NotePresenter.swift in Sources */ = {isa = PBXBuildFile; fileRef = 004F90C32857B67B0091009A /* NotePresenter.swift */; };
		005E372C2857A59B00222370 /* NoteCell.swift in Sources */ = {isa = PBXBuildFile; fileRef = 005E37282857A59B00222370 /* NoteCell.swift */; };
		005E372D2857A59B00222370 /* LaunchScreen.storyboard in Resources */ = {isa = PBXBuildFile; fileRef = 005E37292857A59B00222370 /* LaunchScreen.storyboard */; };
		005E372E2857A59B00222370 /* FloatingButton.swift in Sources */ = {isa = PBXBuildFile; fileRef = 005E372B2857A59B00222370 /* FloatingButton.swift */; };
		005E37322857A65600222370 /* ListInteractor.swift in Sources */ = {isa = PBXBuildFile; fileRef = 005E37312857A65600222370 /* ListInteractor.swift */; };
		005E37342857A67C00222370 /* ListProtocols.swift in Sources */ = {isa = PBXBuildFile; fileRef = 005E37332857A67C00222370 /* ListProtocols.swift */; };
		005E37362857A69800222370 /* ListViewController.swift in Sources */ = {isa = PBXBuildFile; fileRef = 005E37352857A69800222370 /* ListViewController.swift */; };
		005E37382857A6B500222370 /* ListModels.swift in Sources */ = {isa = PBXBuildFile; fileRef = 005E37372857A6B500222370 /* ListModels.swift */; };
		005E373A2857A6CC00222370 /* ListRouter.swift in Sources */ = {isa = PBXBuildFile; fileRef = 005E37392857A6CC00222370 /* ListRouter.swift */; };
		005E373C2857A70D00222370 /* ListWorker.swift in Sources */ = {isa = PBXBuildFile; fileRef = 005E373B2857A70D00222370 /* ListWorker.swift */; };
		005E373E2857A72D00222370 /* ListPresenter.swift in Sources */ = {isa = PBXBuildFile; fileRef = 005E373D2857A72D00222370 /* ListPresenter.swift */; };
		00A788F42859C48300CE980A /* ActivityIndicator.swift in Sources */ = {isa = PBXBuildFile; fileRef = 00A788F32859C48300CE980A /* ActivityIndicator.swift */; };
		00A788F62859CD3300CE980A /* NotesTableView.swift in Sources */ = {isa = PBXBuildFile; fileRef = 00A788F52859CD3300CE980A /* NotesTableView.swift */; };
		00A788F92859D28A00CE980A /* NoteStackView.swift in Sources */ = {isa = PBXBuildFile; fileRef = 00A788F82859D28A00CE980A /* NoteStackView.swift */; };
		00AE68B7280D5C6E00D65C7F /* DateFormatterExt.swift in Sources */ = {isa = PBXBuildFile; fileRef = 00AE68B6280D5C6E00D65C7F /* DateFormatterExt.swift */; };
		00BE4B7C27ECE81C00664855 /* AppDelegate.swift in Sources */ = {isa = PBXBuildFile; fileRef = 00BE4B7B27ECE81C00664855 /* AppDelegate.swift */; };
		00BE4B7E27ECE81C00664855 /* SceneDelegate.swift in Sources */ = {isa = PBXBuildFile; fileRef = 00BE4B7D27ECE81C00664855 /* SceneDelegate.swift */; };
		00BE4B8527ECE82000664855 /* Assets.xcassets in Resources */ = {isa = PBXBuildFile; fileRef = 00BE4B8427ECE82000664855 /* Assets.xcassets */; };
		00C85EF6286338E200A66E7F /* ListAssembly.swift in Sources */ = {isa = PBXBuildFile; fileRef = 00C85EF5286338E200A66E7F /* ListAssembly.swift */; };
		00C85EF92863391600A66E7F /* NoteAssembly.swift in Sources */ = {isa = PBXBuildFile; fileRef = 00C85EF82863391600A66E7F /* NoteAssembly.swift */; };
		00D2AC8E285D8FDF0020E9F3 /* AlertExt.swift in Sources */ = {isa = PBXBuildFile; fileRef = 00D2AC8D285D8FDF0020E9F3 /* AlertExt.swift */; };
/* End PBXBuildFile section */

/* Begin PBXContainerItemProxy section */
		00079B1B286A083D00891305 /* PBXContainerItemProxy */ = {
			isa = PBXContainerItemProxy;
			containerPortal = 00BE4B7027ECE81C00664855 /* Project object */;
			proxyType = 1;
			remoteGlobalIDString = 00BE4B7727ECE81C00664855;
			remoteInfo = Note;
		};
/* End PBXContainerItemProxy section */

/* Begin PBXFileReference section */
		00079B112869E5F400891305 /* NoteViewModelExt.swift */ = {isa = PBXFileReference; lastKnownFileType = sourcecode.swift; path = NoteViewModelExt.swift; sourceTree = "<group>"; };
		00079B17286A083D00891305 /* NoteTests.xctest */ = {isa = PBXFileReference; explicitFileType = wrapper.cfbundle; includeInIndex = 0; path = NoteTests.xctest; sourceTree = BUILT_PRODUCTS_DIR; };
		00079B25286A088900891305 /* NoteViewControllerTests.swift */ = {isa = PBXFileReference; fileEncoding = 4; lastKnownFileType = sourcecode.swift; path = NoteViewControllerTests.swift; sourceTree = "<group>"; };
		00079B26286A088900891305 /* NotePresenterTests.swift */ = {isa = PBXFileReference; fileEncoding = 4; lastKnownFileType = sourcecode.swift; path = NotePresenterTests.swift; sourceTree = "<group>"; };
		00079B28286A088900891305 /* NoteInteractorTests.swift */ = {isa = PBXFileReference; fileEncoding = 4; lastKnownFileType = sourcecode.swift; path = NoteInteractorTests.swift; sourceTree = "<group>"; };
		00079B2E286A088900891305 /* ListViewControllerTests.swift */ = {isa = PBXFileReference; fileEncoding = 4; lastKnownFileType = sourcecode.swift; path = ListViewControllerTests.swift; sourceTree = "<group>"; };
		00079B2F286A088900891305 /* ListPresenterTests.swift */ = {isa = PBXFileReference; fileEncoding = 4; lastKnownFileType = sourcecode.swift; path = ListPresenterTests.swift; sourceTree = "<group>"; };
		00079B30286A088900891305 /* ListInteractorTests.swift */ = {isa = PBXFileReference; fileEncoding = 4; lastKnownFileType = sourcecode.swift; path = ListInteractorTests.swift; sourceTree = "<group>"; };
		001CAFAB286590DB003F0DB9 /* CellViewModelExt.swift */ = {isa = PBXFileReference; lastKnownFileType = sourcecode.swift; path = CellViewModelExt.swift; sourceTree = "<group>"; };
		00262A42284D2D4F00DC3B0B /* AdjKeyboardExt.swift */ = {isa = PBXFileReference; lastKnownFileType = sourcecode.swift; path = AdjKeyboardExt.swift; sourceTree = "<group>"; };
		002DE1E028210590003F0651 /* Animations.swift */ = {isa = PBXFileReference; lastKnownFileType = sourcecode.swift; path = Animations.swift; sourceTree = "<group>"; };
		0034950E286042D50034714A /* DataSourceExt.swift */ = {isa = PBXFileReference; lastKnownFileType = sourcecode.swift; path = DataSourceExt.swift; sourceTree = "<group>"; };
		003495112860438C0034714A /* DelegateExt.swift */ = {isa = PBXFileReference; lastKnownFileType = sourcecode.swift; path = DelegateExt.swift; sourceTree = "<group>"; };
		0034951328605A3D0034714A /* NoteView.swift */ = {isa = PBXFileReference; lastKnownFileType = sourcecode.swift; path = NoteView.swift; sourceTree = "<group>"; };
		003495152860610C0034714A /* Styles.swift */ = {isa = PBXFileReference; lastKnownFileType = sourcecode.swift; path = Styles.swift; sourceTree = "<group>"; };
		003C66BF27FD7EAA00537C70 /* Note.swift */ = {isa = PBXFileReference; lastKnownFileType = sourcecode.swift; path = Note.swift; sourceTree = "<group>"; };
		004F90B52857B54F0091009A /* NoteInteractor.swift */ = {isa = PBXFileReference; lastKnownFileType = sourcecode.swift; path = NoteInteractor.swift; sourceTree = "<group>"; };
		004F90B92857B5850091009A /* NoteProtocols.swift */ = {isa = PBXFileReference; lastKnownFileType = sourcecode.swift; path = NoteProtocols.swift; sourceTree = "<group>"; };
		004F90BB2857B5A00091009A /* NoteViewController.swift */ = {isa = PBXFileReference; lastKnownFileType = sourcecode.swift; path = NoteViewController.swift; sourceTree = "<group>"; };
		004F90BD2857B6360091009A /* NoteModels.swift */ = {isa = PBXFileReference; lastKnownFileType = sourcecode.swift; path = NoteModels.swift; sourceTree = "<group>"; };
		004F90BF2857B6500091009A /* NoteRouter.swift */ = {isa = PBXFileReference; lastKnownFileType = sourcecode.swift; path = NoteRouter.swift; sourceTree = "<group>"; };
		004F90C12857B6670091009A /* NoteWorker.swift */ = {isa = PBXFileReference; lastKnownFileType = sourcecode.swift; path = NoteWorker.swift; sourceTree = "<group>"; };
		004F90C32857B67B0091009A /* NotePresenter.swift */ = {isa = PBXFileReference; lastKnownFileType = sourcecode.swift; path = NotePresenter.swift; sourceTree = "<group>"; };
		005E37282857A59B00222370 /* NoteCell.swift */ = {isa = PBXFileReference; fileEncoding = 4; lastKnownFileType = sourcecode.swift; path = NoteCell.swift; sourceTree = "<group>"; };
		005E372A2857A59B00222370 /* Base */ = {isa = PBXFileReference; lastKnownFileType = file.storyboard; name = Base; path = Base.lproj/LaunchScreen.storyboard; sourceTree = "<group>"; };
		005E372B2857A59B00222370 /* FloatingButton.swift */ = {isa = PBXFileReference; fileEncoding = 4; lastKnownFileType = sourcecode.swift; path = FloatingButton.swift; sourceTree = "<group>"; };
		005E37312857A65600222370 /* ListInteractor.swift */ = {isa = PBXFileReference; lastKnownFileType = sourcecode.swift; path = ListInteractor.swift; sourceTree = "<group>"; };
		005E37332857A67C00222370 /* ListProtocols.swift */ = {isa = PBXFileReference; lastKnownFileType = sourcecode.swift; path = ListProtocols.swift; sourceTree = "<group>"; };
		005E37352857A69800222370 /* ListViewController.swift */ = {isa = PBXFileReference; lastKnownFileType = sourcecode.swift; path = ListViewController.swift; sourceTree = "<group>"; };
		005E37372857A6B500222370 /* ListModels.swift */ = {isa = PBXFileReference; lastKnownFileType = sourcecode.swift; path = ListModels.swift; sourceTree = "<group>"; };
		005E37392857A6CC00222370 /* ListRouter.swift */ = {isa = PBXFileReference; lastKnownFileType = sourcecode.swift; path = ListRouter.swift; sourceTree = "<group>"; };
		005E373B2857A70D00222370 /* ListWorker.swift */ = {isa = PBXFileReference; lastKnownFileType = sourcecode.swift; path = ListWorker.swift; sourceTree = "<group>"; };
		005E373D2857A72D00222370 /* ListPresenter.swift */ = {isa = PBXFileReference; lastKnownFileType = sourcecode.swift; path = ListPresenter.swift; sourceTree = "<group>"; };
		00A788F32859C48300CE980A /* ActivityIndicator.swift */ = {isa = PBXFileReference; lastKnownFileType = sourcecode.swift; path = ActivityIndicator.swift; sourceTree = "<group>"; };
		00A788F52859CD3300CE980A /* NotesTableView.swift */ = {isa = PBXFileReference; lastKnownFileType = sourcecode.swift; path = NotesTableView.swift; sourceTree = "<group>"; };
		00A788F82859D28A00CE980A /* NoteStackView.swift */ = {isa = PBXFileReference; lastKnownFileType = sourcecode.swift; path = NoteStackView.swift; sourceTree = "<group>"; };
		00AE68B6280D5C6E00D65C7F /* DateFormatterExt.swift */ = {isa = PBXFileReference; lastKnownFileType = sourcecode.swift; path = DateFormatterExt.swift; sourceTree = "<group>"; };
		00BE4B7827ECE81C00664855 /* Note.app */ = {isa = PBXFileReference; explicitFileType = wrapper.application; includeInIndex = 0; path = Note.app; sourceTree = BUILT_PRODUCTS_DIR; };
		00BE4B7B27ECE81C00664855 /* AppDelegate.swift */ = {isa = PBXFileReference; lastKnownFileType = sourcecode.swift; path = AppDelegate.swift; sourceTree = "<group>"; };
		00BE4B7D27ECE81C00664855 /* SceneDelegate.swift */ = {isa = PBXFileReference; lastKnownFileType = sourcecode.swift; path = SceneDelegate.swift; sourceTree = "<group>"; };
		00BE4B8427ECE82000664855 /* Assets.xcassets */ = {isa = PBXFileReference; lastKnownFileType = folder.assetcatalog; path = Assets.xcassets; sourceTree = "<group>"; };
		00BE4B8927ECE82000664855 /* Info.plist */ = {isa = PBXFileReference; lastKnownFileType = text.plist.xml; path = Info.plist; sourceTree = "<group>"; };
		00C85EF5286338E200A66E7F /* ListAssembly.swift */ = {isa = PBXFileReference; lastKnownFileType = sourcecode.swift; path = ListAssembly.swift; sourceTree = "<group>"; };
		00C85EF82863391600A66E7F /* NoteAssembly.swift */ = {isa = PBXFileReference; lastKnownFileType = sourcecode.swift; path = NoteAssembly.swift; sourceTree = "<group>"; };
		00D2AC8D285D8FDF0020E9F3 /* AlertExt.swift */ = {isa = PBXFileReference; lastKnownFileType = sourcecode.swift; path = AlertExt.swift; sourceTree = "<group>"; };
/* End PBXFileReference section */

/* Begin PBXFrameworksBuildPhase section */
		00079B14286A083D00891305 /* Frameworks */ = {
			isa = PBXFrameworksBuildPhase;
			buildActionMask = 2147483647;
			files = (
			);
			runOnlyForDeploymentPostprocessing = 0;
		};
		00BE4B7527ECE81C00664855 /* Frameworks */ = {
			isa = PBXFrameworksBuildPhase;
			buildActionMask = 2147483647;
			files = (
			);
			runOnlyForDeploymentPostprocessing = 0;
		};
/* End PBXFrameworksBuildPhase section */

/* Begin PBXGroup section */
		00079B102869E5CA00891305 /* Extensions */ = {
			isa = PBXGroup;
			children = (
				00079B112869E5F400891305 /* NoteViewModelExt.swift */,
			);
			name = Extensions;
			path = Views/Extensions;
			sourceTree = "<group>";
		};
		00079B18286A083D00891305 /* NoteTests */ = {
			isa = PBXGroup;
			children = (
				00079B20286A088900891305 /* Scenes */,
			);
			path = NoteTests;
			sourceTree = "<group>";
		};
		00079B20286A088900891305 /* Scenes */ = {
			isa = PBXGroup;
			children = (
				00079B29286A088900891305 /* ListScene */,
				00079B21286A088900891305 /* NoteScene */,
			);
			path = Scenes;
			sourceTree = "<group>";
		};
		00079B21286A088900891305 /* NoteScene */ = {
			isa = PBXGroup;
			children = (
				00079B25286A088900891305 /* NoteViewControllerTests.swift */,
				00079B28286A088900891305 /* NoteInteractorTests.swift */,
				00079B26286A088900891305 /* NotePresenterTests.swift */,
			);
			path = NoteScene;
			sourceTree = "<group>";
		};
		00079B29286A088900891305 /* ListScene */ = {
			isa = PBXGroup;
			children = (
				00079B2E286A088900891305 /* ListViewControllerTests.swift */,
				00079B30286A088900891305 /* ListInteractorTests.swift */,
				00079B2F286A088900891305 /* ListPresenterTests.swift */,
			);
			path = ListScene;
			sourceTree = "<group>";
		};
		000920AD28075C88004D1862 /* Models */ = {
			isa = PBXGroup;
			children = (
				003C66BF27FD7EAA00537C70 /* Note.swift */,
			);
			path = Models;
			sourceTree = "<group>";
		};
		00262A3F284D2C8100DC3B0B /* Scenes */ = {
			isa = PBXGroup;
			children = (
				00262A40284D2C8700DC3B0B /* ListScene */,
				00262A41284D2CA000DC3B0B /* NoteScene */,
			);
			path = Scenes;
			sourceTree = "<group>";
		};
		00262A40284D2C8700DC3B0B /* ListScene */ = {
			isa = PBXGroup;
			children = (
				005E37272857A59B00222370 /* Views */,
				003495102860436C0034714A /* Extensions */,
				005E37352857A69800222370 /* ListViewController.swift */,
				005E37312857A65600222370 /* ListInteractor.swift */,
				005E373D2857A72D00222370 /* ListPresenter.swift */,
				00C85EF5286338E200A66E7F /* ListAssembly.swift */,
				005E37392857A6CC00222370 /* ListRouter.swift */,
				005E373B2857A70D00222370 /* ListWorker.swift */,
				005E37372857A6B500222370 /* ListModels.swift */,
				005E37332857A67C00222370 /* ListProtocols.swift */,
			);
			path = ListScene;
			sourceTree = "<group>";
		};
		00262A41284D2CA000DC3B0B /* NoteScene */ = {
			isa = PBXGroup;
			children = (
				00A788F72859D25D00CE980A /* Views */,
				00079B102869E5CA00891305 /* Extensions */,
				004F90BB2857B5A00091009A /* NoteViewController.swift */,
				004F90B52857B54F0091009A /* NoteInteractor.swift */,
				004F90C32857B67B0091009A /* NotePresenter.swift */,
				00C85EF82863391600A66E7F /* NoteAssembly.swift */,
				004F90BF2857B6500091009A /* NoteRouter.swift */,
				004F90C12857B6670091009A /* NoteWorker.swift */,
				004F90BD2857B6360091009A /* NoteModels.swift */,
				004F90B92857B5850091009A /* NoteProtocols.swift */,
			);
			path = NoteScene;
			sourceTree = "<group>";
		};
		003495102860436C0034714A /* Extensions */ = {
			isa = PBXGroup;
			children = (
				0034950E286042D50034714A /* DataSourceExt.swift */,
				003495112860438C0034714A /* DelegateExt.swift */,
				001CAFAB286590DB003F0DB9 /* CellViewModelExt.swift */,
			);
			path = Extensions;
			sourceTree = "<group>";
		};
		005E37272857A59B00222370 /* Views */ = {
			isa = PBXGroup;
			children = (
				00A788F32859C48300CE980A /* ActivityIndicator.swift */,
				005E372B2857A59B00222370 /* FloatingButton.swift */,
				00A788F52859CD3300CE980A /* NotesTableView.swift */,
				005E37282857A59B00222370 /* NoteCell.swift */,
			);
			path = Views;
			sourceTree = "<group>";
		};
		00A788F72859D25D00CE980A /* Views */ = {
			isa = PBXGroup;
			children = (
				0034951328605A3D0034714A /* NoteView.swift */,
				00A788F82859D28A00CE980A /* NoteStackView.swift */,
			);
			path = Views;
			sourceTree = "<group>";
		};
		00A78900285A6DA000CE980A /* Extensions */ = {
			isa = PBXGroup;
			children = (
				00262A42284D2D4F00DC3B0B /* AdjKeyboardExt.swift */,
				00D2AC8D285D8FDF0020E9F3 /* AlertExt.swift */,
				00AE68B6280D5C6E00D65C7F /* DateFormatterExt.swift */,
			);
			path = Extensions;
			sourceTree = "<group>";
		};
		00AE68B8280D5CC300D65C7F /* Utilities */ = {
			isa = PBXGroup;
			children = (
				00A78900285A6DA000CE980A /* Extensions */,
				002DE1E028210590003F0651 /* Animations.swift */,
				003495152860610C0034714A /* Styles.swift */,
			);
			path = Utilities;
			sourceTree = "<group>";
		};
		00BE4B6F27ECE81C00664855 = {
			isa = PBXGroup;
			children = (
				00BE4B7A27ECE81C00664855 /* Note */,
				00079B18286A083D00891305 /* NoteTests */,
				00BE4B7927ECE81C00664855 /* Products */,
			);
			sourceTree = "<group>";
		};
		00BE4B7927ECE81C00664855 /* Products */ = {
			isa = PBXGroup;
			children = (
				00BE4B7827ECE81C00664855 /* Note.app */,
				00079B17286A083D00891305 /* NoteTests.xctest */,
			);
			name = Products;
			sourceTree = "<group>";
		};
		00BE4B7A27ECE81C00664855 /* Note */ = {
			isa = PBXGroup;
			children = (
				000920AD28075C88004D1862 /* Models */,
				00262A3F284D2C8100DC3B0B /* Scenes */,
				00AE68B8280D5CC300D65C7F /* Utilities */,
				00BE4B7B27ECE81C00664855 /* AppDelegate.swift */,
				00BE4B7D27ECE81C00664855 /* SceneDelegate.swift */,
				005E37292857A59B00222370 /* LaunchScreen.storyboard */,
				00BE4B8427ECE82000664855 /* Assets.xcassets */,
				00BE4B8927ECE82000664855 /* Info.plist */,
			);
			path = Note;
			sourceTree = "<group>";
		};
/* End PBXGroup section */

/* Begin PBXNativeTarget section */
		00079B16286A083D00891305 /* NoteTests */ = {
			isa = PBXNativeTarget;
			buildConfigurationList = 00079B1D286A083D00891305 /* Build configuration list for PBXNativeTarget "NoteTests" */;
			buildPhases = (
				00079B13286A083D00891305 /* Sources */,
				00079B14286A083D00891305 /* Frameworks */,
				00079B15286A083D00891305 /* Resources */,
			);
			buildRules = (
			);
			dependencies = (
				00079B1C286A083D00891305 /* PBXTargetDependency */,
			);
			name = NoteTests;
			productName = NoteTests;
			productReference = 00079B17286A083D00891305 /* NoteTests.xctest */;
			productType = "com.apple.product-type.bundle.unit-test";
		};
		00BE4B7727ECE81C00664855 /* Note */ = {
			isa = PBXNativeTarget;
			buildConfigurationList = 00BE4BA227ECE82100664855 /* Build configuration list for PBXNativeTarget "Note" */;
			buildPhases = (
				00BE4BAB27ECEA1800664855 /* ShellScript */,
				00BE4B7427ECE81C00664855 /* Sources */,
				00BE4B7527ECE81C00664855 /* Frameworks */,
				00BE4B7627ECE81C00664855 /* Resources */,
			);
			buildRules = (
			);
			dependencies = (
			);
			name = Note;
			productName = Note;
			productReference = 00BE4B7827ECE81C00664855 /* Note.app */;
			productType = "com.apple.product-type.application";
		};
/* End PBXNativeTarget section */

/* Begin PBXProject section */
		00BE4B7027ECE81C00664855 /* Project object */ = {
			isa = PBXProject;
			attributes = {
				BuildIndependentTargetsInParallel = 1;
				LastSwiftUpdateCheck = 1340;
				LastUpgradeCheck = 1330;
				TargetAttributes = {
					00079B16286A083D00891305 = {
						CreatedOnToolsVersion = 13.4.1;
						TestTargetID = 00BE4B7727ECE81C00664855;
					};
					00BE4B7727ECE81C00664855 = {
						CreatedOnToolsVersion = 13.3;
					};
				};
			};
			buildConfigurationList = 00BE4B7327ECE81C00664855 /* Build configuration list for PBXProject "Note" */;
			compatibilityVersion = "Xcode 13.0";
			developmentRegion = en;
			hasScannedForEncodings = 0;
			knownRegions = (
				en,
				Base,
			);
			mainGroup = 00BE4B6F27ECE81C00664855;
			productRefGroup = 00BE4B7927ECE81C00664855 /* Products */;
			projectDirPath = "";
			projectRoot = "";
			targets = (
				00BE4B7727ECE81C00664855 /* Note */,
				00079B16286A083D00891305 /* NoteTests */,
			);
		};
/* End PBXProject section */

/* Begin PBXResourcesBuildPhase section */
		00079B15286A083D00891305 /* Resources */ = {
			isa = PBXResourcesBuildPhase;
			buildActionMask = 2147483647;
			files = (
			);
			runOnlyForDeploymentPostprocessing = 0;
		};
		00BE4B7627ECE81C00664855 /* Resources */ = {
			isa = PBXResourcesBuildPhase;
			buildActionMask = 2147483647;
			files = (
				005E372D2857A59B00222370 /* LaunchScreen.storyboard in Resources */,
				00BE4B8527ECE82000664855 /* Assets.xcassets in Resources */,
			);
			runOnlyForDeploymentPostprocessing = 0;
		};
/* End PBXResourcesBuildPhase section */

/* Begin PBXShellScriptBuildPhase section */
		00BE4BAB27ECEA1800664855 /* ShellScript */ = {
			isa = PBXShellScriptBuildPhase;
			buildActionMask = 2147483647;
			files = (
			);
			inputFileListPaths = (
			);
			inputPaths = (
			);
			outputFileListPaths = (
			);
			outputPaths = (
			);
			runOnlyForDeploymentPostprocessing = 0;
			shellPath = /bin/sh;
			shellScript = "export PATH=\"$PATH:/opt/homebrew/bin\"\n\nif which swiftlint >/dev/null; then\n  swiftlint\nelse\n  echo \"warning: SwiftLint not installed, download from https://github.com/realm/SwiftLint\"\nfi\n";
		};
/* End PBXShellScriptBuildPhase section */

/* Begin PBXSourcesBuildPhase section */
		00079B13286A083D00891305 /* Sources */ = {
			isa = PBXSourcesBuildPhase;
			buildActionMask = 2147483647;
			files = (
				00079B35286A088900891305 /* NotePresenterTests.swift in Sources */,
				00079B3C286A088900891305 /* ListPresenterTests.swift in Sources */,
				00079B34286A088900891305 /* NoteViewControllerTests.swift in Sources */,
				00079B37286A088900891305 /* NoteInteractorTests.swift in Sources */,
				00079B3B286A088900891305 /* ListViewControllerTests.swift in Sources */,
				00079B3D286A088900891305 /* ListInteractorTests.swift in Sources */,
			);
			runOnlyForDeploymentPostprocessing = 0;
		};
		00BE4B7427ECE81C00664855 /* Sources */ = {
			isa = PBXSourcesBuildPhase;
			buildActionMask = 2147483647;
			files = (
				005E373E2857A72D00222370 /* ListPresenter.swift in Sources */,
				001CAFAC286590DB003F0DB9 /* CellViewModelExt.swift in Sources */,
				005E37342857A67C00222370 /* ListProtocols.swift in Sources */,
				004F90C02857B6500091009A /* NoteRouter.swift in Sources */,
				005E373A2857A6CC00222370 /* ListRouter.swift in Sources */,
				002DE1E128210590003F0651 /* Animations.swift in Sources */,
				005E372C2857A59B00222370 /* NoteCell.swift in Sources */,
				00D2AC8E285D8FDF0020E9F3 /* AlertExt.swift in Sources */,
				004F90C22857B6670091009A /* NoteWorker.swift in Sources */,
				003495122860438C0034714A /* DelegateExt.swift in Sources */,
				00C85EF6286338E200A66E7F /* ListAssembly.swift in Sources */,
				00BE4B7C27ECE81C00664855 /* AppDelegate.swift in Sources */,
				004F90BC2857B5A00091009A /* NoteViewController.swift in Sources */,
				003495162860610C0034714A /* Styles.swift in Sources */,
				00AE68B7280D5C6E00D65C7F /* DateFormatterExt.swift in Sources */,
				00C85EF92863391600A66E7F /* NoteAssembly.swift in Sources */,
				00BE4B7E27ECE81C00664855 /* SceneDelegate.swift in Sources */,
				004F90BE2857B6360091009A /* NoteModels.swift in Sources */,
				0034951428605A3D0034714A /* NoteView.swift in Sources */,
				004F90C42857B67B0091009A /* NotePresenter.swift in Sources */,
				00A788F42859C48300CE980A /* ActivityIndicator.swift in Sources */,
				004F90BA2857B5850091009A /* NoteProtocols.swift in Sources */,
				0034950F286042D50034714A /* DataSourceExt.swift in Sources */,
				00262A43284D2D4F00DC3B0B /* AdjKeyboardExt.swift in Sources */,
				005E373C2857A70D00222370 /* ListWorker.swift in Sources */,
				005E37362857A69800222370 /* ListViewController.swift in Sources */,
				003C66C027FD7EAA00537C70 /* Note.swift in Sources */,
				005E37322857A65600222370 /* ListInteractor.swift in Sources */,
				005E372E2857A59B00222370 /* FloatingButton.swift in Sources */,
				00A788F92859D28A00CE980A /* NoteStackView.swift in Sources */,
				004F90B62857B54F0091009A /* NoteInteractor.swift in Sources */,
				005E37382857A6B500222370 /* ListModels.swift in Sources */,
				00079B122869E5F400891305 /* NoteViewModelExt.swift in Sources */,
				00A788F62859CD3300CE980A /* NotesTableView.swift in Sources */,
			);
			runOnlyForDeploymentPostprocessing = 0;
		};
/* End PBXSourcesBuildPhase section */

/* Begin PBXTargetDependency section */
		00079B1C286A083D00891305 /* PBXTargetDependency */ = {
			isa = PBXTargetDependency;
			target = 00BE4B7727ECE81C00664855 /* Note */;
			targetProxy = 00079B1B286A083D00891305 /* PBXContainerItemProxy */;
		};
/* End PBXTargetDependency section */

/* Begin PBXVariantGroup section */
		005E37292857A59B00222370 /* LaunchScreen.storyboard */ = {
			isa = PBXVariantGroup;
			children = (
				005E372A2857A59B00222370 /* Base */,
			);
			name = LaunchScreen.storyboard;
			sourceTree = "<group>";
		};
/* End PBXVariantGroup section */

/* Begin XCBuildConfiguration section */
		00079B1E286A083D00891305 /* Debug */ = {
			isa = XCBuildConfiguration;
			buildSettings = {
				BUNDLE_LOADER = "$(TEST_HOST)";
				CODE_SIGN_STYLE = Automatic;
				CURRENT_PROJECT_VERSION = 1;
				GENERATE_INFOPLIST_FILE = YES;
				IPHONEOS_DEPLOYMENT_TARGET = 15.5;
				MARKETING_VERSION = 1.0;
				PRODUCT_BUNDLE_IDENTIFIER = com.NoteTests;
				PRODUCT_NAME = "$(TARGET_NAME)";
				SWIFT_EMIT_LOC_STRINGS = NO;
				SWIFT_VERSION = 5.0;
				TARGETED_DEVICE_FAMILY = "1,2";
				TEST_HOST = "$(BUILT_PRODUCTS_DIR)/Note.app/Note";
			};
			name = Debug;
		};
		00079B1F286A083D00891305 /* Release */ = {
			isa = XCBuildConfiguration;
			buildSettings = {
				BUNDLE_LOADER = "$(TEST_HOST)";
				CODE_SIGN_STYLE = Automatic;
				CURRENT_PROJECT_VERSION = 1;
				GENERATE_INFOPLIST_FILE = YES;
				IPHONEOS_DEPLOYMENT_TARGET = 15.5;
				MARKETING_VERSION = 1.0;
				PRODUCT_BUNDLE_IDENTIFIER = com.NoteTests;
				PRODUCT_NAME = "$(TARGET_NAME)";
				SWIFT_EMIT_LOC_STRINGS = NO;
				SWIFT_VERSION = 5.0;
				TARGETED_DEVICE_FAMILY = "1,2";
				TEST_HOST = "$(BUILT_PRODUCTS_DIR)/Note.app/Note";
			};
			name = Release;
		};
		00BE4BA027ECE82100664855 /* Debug */ = {
			isa = XCBuildConfiguration;
			buildSettings = {
				ALWAYS_SEARCH_USER_PATHS = NO;
				CLANG_ANALYZER_NONNULL = YES;
				CLANG_ANALYZER_NUMBER_OBJECT_CONVERSION = YES_AGGRESSIVE;
				CLANG_CXX_LANGUAGE_STANDARD = "gnu++17";
				CLANG_ENABLE_MODULES = YES;
				CLANG_ENABLE_OBJC_ARC = YES;
				CLANG_ENABLE_OBJC_WEAK = YES;
				CLANG_WARN_BLOCK_CAPTURE_AUTORELEASING = YES;
				CLANG_WARN_BOOL_CONVERSION = YES;
				CLANG_WARN_COMMA = YES;
				CLANG_WARN_CONSTANT_CONVERSION = YES;
				CLANG_WARN_DEPRECATED_OBJC_IMPLEMENTATIONS = YES;
				CLANG_WARN_DIRECT_OBJC_ISA_USAGE = YES_ERROR;
				CLANG_WARN_DOCUMENTATION_COMMENTS = YES;
				CLANG_WARN_EMPTY_BODY = YES;
				CLANG_WARN_ENUM_CONVERSION = YES;
				CLANG_WARN_INFINITE_RECURSION = YES;
				CLANG_WARN_INT_CONVERSION = YES;
				CLANG_WARN_NON_LITERAL_NULL_CONVERSION = YES;
				CLANG_WARN_OBJC_IMPLICIT_RETAIN_SELF = YES;
				CLANG_WARN_OBJC_LITERAL_CONVERSION = YES;
				CLANG_WARN_OBJC_ROOT_CLASS = YES_ERROR;
				CLANG_WARN_QUOTED_INCLUDE_IN_FRAMEWORK_HEADER = YES;
				CLANG_WARN_RANGE_LOOP_ANALYSIS = YES;
				CLANG_WARN_STRICT_PROTOTYPES = YES;
				CLANG_WARN_SUSPICIOUS_MOVE = YES;
				CLANG_WARN_UNGUARDED_AVAILABILITY = YES_AGGRESSIVE;
				CLANG_WARN_UNREACHABLE_CODE = YES;
				CLANG_WARN__DUPLICATE_METHOD_MATCH = YES;
				COPY_PHASE_STRIP = NO;
				DEBUG_INFORMATION_FORMAT = dwarf;
				ENABLE_STRICT_OBJC_MSGSEND = YES;
				ENABLE_TESTABILITY = YES;
				GCC_C_LANGUAGE_STANDARD = gnu11;
				GCC_DYNAMIC_NO_PIC = NO;
				GCC_NO_COMMON_BLOCKS = YES;
				GCC_OPTIMIZATION_LEVEL = 0;
				GCC_PREPROCESSOR_DEFINITIONS = (
					"DEBUG=1",
					"$(inherited)",
				);
				GCC_WARN_64_TO_32_BIT_CONVERSION = YES;
				GCC_WARN_ABOUT_RETURN_TYPE = YES_ERROR;
				GCC_WARN_UNDECLARED_SELECTOR = YES;
				GCC_WARN_UNINITIALIZED_AUTOS = YES_AGGRESSIVE;
				GCC_WARN_UNUSED_FUNCTION = YES;
				GCC_WARN_UNUSED_VARIABLE = YES;
				IPHONEOS_DEPLOYMENT_TARGET = 13.0;
				MTL_ENABLE_DEBUG_INFO = INCLUDE_SOURCE;
				MTL_FAST_MATH = YES;
				ONLY_ACTIVE_ARCH = YES;
				SDKROOT = iphoneos;
				SWIFT_ACTIVE_COMPILATION_CONDITIONS = DEBUG;
				SWIFT_OPTIMIZATION_LEVEL = "-Onone";
			};
			name = Debug;
		};
		00BE4BA127ECE82100664855 /* Release */ = {
			isa = XCBuildConfiguration;
			buildSettings = {
				ALWAYS_SEARCH_USER_PATHS = NO;
				CLANG_ANALYZER_NONNULL = YES;
				CLANG_ANALYZER_NUMBER_OBJECT_CONVERSION = YES_AGGRESSIVE;
				CLANG_CXX_LANGUAGE_STANDARD = "gnu++17";
				CLANG_ENABLE_MODULES = YES;
				CLANG_ENABLE_OBJC_ARC = YES;
				CLANG_ENABLE_OBJC_WEAK = YES;
				CLANG_WARN_BLOCK_CAPTURE_AUTORELEASING = YES;
				CLANG_WARN_BOOL_CONVERSION = YES;
				CLANG_WARN_COMMA = YES;
				CLANG_WARN_CONSTANT_CONVERSION = YES;
				CLANG_WARN_DEPRECATED_OBJC_IMPLEMENTATIONS = YES;
				CLANG_WARN_DIRECT_OBJC_ISA_USAGE = YES_ERROR;
				CLANG_WARN_DOCUMENTATION_COMMENTS = YES;
				CLANG_WARN_EMPTY_BODY = YES;
				CLANG_WARN_ENUM_CONVERSION = YES;
				CLANG_WARN_INFINITE_RECURSION = YES;
				CLANG_WARN_INT_CONVERSION = YES;
				CLANG_WARN_NON_LITERAL_NULL_CONVERSION = YES;
				CLANG_WARN_OBJC_IMPLICIT_RETAIN_SELF = YES;
				CLANG_WARN_OBJC_LITERAL_CONVERSION = YES;
				CLANG_WARN_OBJC_ROOT_CLASS = YES_ERROR;
				CLANG_WARN_QUOTED_INCLUDE_IN_FRAMEWORK_HEADER = YES;
				CLANG_WARN_RANGE_LOOP_ANALYSIS = YES;
				CLANG_WARN_STRICT_PROTOTYPES = YES;
				CLANG_WARN_SUSPICIOUS_MOVE = YES;
				CLANG_WARN_UNGUARDED_AVAILABILITY = YES_AGGRESSIVE;
				CLANG_WARN_UNREACHABLE_CODE = YES;
				CLANG_WARN__DUPLICATE_METHOD_MATCH = YES;
				COPY_PHASE_STRIP = NO;
				DEBUG_INFORMATION_FORMAT = "dwarf-with-dsym";
				ENABLE_NS_ASSERTIONS = NO;
				ENABLE_STRICT_OBJC_MSGSEND = YES;
				GCC_C_LANGUAGE_STANDARD = gnu11;
				GCC_NO_COMMON_BLOCKS = YES;
				GCC_WARN_64_TO_32_BIT_CONVERSION = YES;
				GCC_WARN_ABOUT_RETURN_TYPE = YES_ERROR;
				GCC_WARN_UNDECLARED_SELECTOR = YES;
				GCC_WARN_UNINITIALIZED_AUTOS = YES_AGGRESSIVE;
				GCC_WARN_UNUSED_FUNCTION = YES;
				GCC_WARN_UNUSED_VARIABLE = YES;
				IPHONEOS_DEPLOYMENT_TARGET = 13.0;
				MTL_ENABLE_DEBUG_INFO = NO;
				MTL_FAST_MATH = YES;
				SDKROOT = iphoneos;
				SWIFT_COMPILATION_MODE = wholemodule;
				SWIFT_OPTIMIZATION_LEVEL = "-O";
				VALIDATE_PRODUCT = YES;
			};
			name = Release;
		};
		00BE4BA327ECE82100664855 /* Debug */ = {
			isa = XCBuildConfiguration;
			buildSettings = {
				ASSETCATALOG_COMPILER_APPICON_NAME = AppIcon;
				ASSETCATALOG_COMPILER_GLOBAL_ACCENT_COLOR_NAME = AccentColor;
				CODE_SIGN_STYLE = Automatic;
				CURRENT_PROJECT_VERSION = 1;
				GENERATE_INFOPLIST_FILE = YES;
				INFOPLIST_FILE = Note/Info.plist;
				INFOPLIST_KEY_UIApplicationSupportsIndirectInputEvents = YES;
				INFOPLIST_KEY_UILaunchStoryboardName = LaunchScreen;
				INFOPLIST_KEY_UISupportedInterfaceOrientations = UIInterfaceOrientationPortrait;
				INFOPLIST_KEY_UISupportedInterfaceOrientations_iPad = "UIInterfaceOrientationPortrait UIInterfaceOrientationPortraitUpsideDown UIInterfaceOrientationLandscapeLeft UIInterfaceOrientationLandscapeRight";
				INFOPLIST_KEY_UISupportedInterfaceOrientations_iPhone = "UIInterfaceOrientationPortrait UIInterfaceOrientationLandscapeLeft UIInterfaceOrientationLandscapeRight";
				IPHONEOS_DEPLOYMENT_TARGET = 13.0;
				LD_RUNPATH_SEARCH_PATHS = (
					"$(inherited)",
					"@executable_path/Frameworks",
				);
				MARKETING_VERSION = 1.0;
				PRODUCT_BUNDLE_IDENTIFIER = com.Note;
				PRODUCT_NAME = "$(TARGET_NAME)";
				SWIFT_EMIT_LOC_STRINGS = YES;
				SWIFT_VERSION = 5.0;
				TARGETED_DEVICE_FAMILY = 1;
			};
			name = Debug;
		};
		00BE4BA427ECE82100664855 /* Release */ = {
			isa = XCBuildConfiguration;
			buildSettings = {
				ASSETCATALOG_COMPILER_APPICON_NAME = AppIcon;
				ASSETCATALOG_COMPILER_GLOBAL_ACCENT_COLOR_NAME = AccentColor;
				CODE_SIGN_STYLE = Automatic;
				CURRENT_PROJECT_VERSION = 1;
				GENERATE_INFOPLIST_FILE = YES;
				INFOPLIST_FILE = Note/Info.plist;
				INFOPLIST_KEY_UIApplicationSupportsIndirectInputEvents = YES;
				INFOPLIST_KEY_UILaunchStoryboardName = LaunchScreen;
				INFOPLIST_KEY_UISupportedInterfaceOrientations = UIInterfaceOrientationPortrait;
				INFOPLIST_KEY_UISupportedInterfaceOrientations_iPad = "UIInterfaceOrientationPortrait UIInterfaceOrientationPortraitUpsideDown UIInterfaceOrientationLandscapeLeft UIInterfaceOrientationLandscapeRight";
				INFOPLIST_KEY_UISupportedInterfaceOrientations_iPhone = "UIInterfaceOrientationPortrait UIInterfaceOrientationLandscapeLeft UIInterfaceOrientationLandscapeRight";
				IPHONEOS_DEPLOYMENT_TARGET = 13.0;
				LD_RUNPATH_SEARCH_PATHS = (
					"$(inherited)",
					"@executable_path/Frameworks",
				);
				MARKETING_VERSION = 1.0;
				PRODUCT_BUNDLE_IDENTIFIER = com.Note;
				PRODUCT_NAME = "$(TARGET_NAME)";
				SWIFT_EMIT_LOC_STRINGS = YES;
				SWIFT_VERSION = 5.0;
				TARGETED_DEVICE_FAMILY = 1;
			};
			name = Release;
		};
/* End XCBuildConfiguration section */

/* Begin XCConfigurationList section */
		00079B1D286A083D00891305 /* Build configuration list for PBXNativeTarget "NoteTests" */ = {
			isa = XCConfigurationList;
			buildConfigurations = (
				00079B1E286A083D00891305 /* Debug */,
				00079B1F286A083D00891305 /* Release */,
			);
			defaultConfigurationIsVisible = 0;
			defaultConfigurationName = Release;
		};
		00BE4B7327ECE81C00664855 /* Build configuration list for PBXProject "Note" */ = {
			isa = XCConfigurationList;
			buildConfigurations = (
				00BE4BA027ECE82100664855 /* Debug */,
				00BE4BA127ECE82100664855 /* Release */,
			);
			defaultConfigurationIsVisible = 0;
			defaultConfigurationName = Release;
		};
		00BE4BA227ECE82100664855 /* Build configuration list for PBXNativeTarget "Note" */ = {
			isa = XCConfigurationList;
			buildConfigurations = (
				00BE4BA327ECE82100664855 /* Debug */,
				00BE4BA427ECE82100664855 /* Release */,
			);
			defaultConfigurationIsVisible = 0;
			defaultConfigurationName = Release;
		};
/* End XCConfigurationList section */
	};
	rootObject = 00BE4B7027ECE81C00664855 /* Project object */;
}
